
Microsoft Visual Studio Solution File, Format Version 12.00
# Visual Studio Version 18
VisualStudioVersion = 18.9.12120.119
MinimumVisualStudioVersion = 10.0.40219.1
Project("{FAE04EC0-301F-11D3-BF4B-00C04F79EFBC}") = "ConferenceRoomBooking.Web", "ConferenceRoomBooking.Web\ConferenceRoomBooking.Web.csproj", "{00A36421-7740-47BE-ACA5-CA604D3C4960}"
EndProject
Project("{2150E333-8FDC-42A3-9474-1A3956D46DE8}") = "Solution Items", "Solution Items", "{DFA96841-6E58-4B82-AE87-A62E78F18782}"
EndProject
Project("{E53339B2-1760-4266-BCC7-CA923CBCF16C}") = "docker-compose", "docker-compose.dcproj", "{81DDED9D-158B-E303-5F62-77A2896D2A5A}"
EndProject
Project("{FAE04EC0-301F-11D3-BF4B-00C04F79EFBC}") = "ConferenceRoomBooking.Bll.Common", "ConferenceRoomBooking.Bll.Common\ConferenceRoomBooking.Bll.Common.csproj", "{D8938622-49F0-4FB3-AC9D-913B452B82D9}"
EndProject
Project("{FAE04EC0-301F-11D3-BF4B-00C04F79EFBC}") = "ConferenceRoomBooking.Bll", "ConferenceRoomBooking.Bll\ConferenceRoomBooking.Bll.csproj", "{F8B1A2D2-8854-4D82-8F21-DF73D13FD66B}"
EndProject
Project("{FAE04EC0-301F-11D3-BF4B-00C04F79EFBC}") = "ConferenceRoomBooking.Dal.SqlRepositories", "ConferenceRoomBooking.Dal.SqlRepositories\ConferenceRoomBooking.Dal.SqlRepositories.csproj", "{4B2747D6-F28D-4DB5-BCFF-77EB2DC1E8DD}"
EndProject
Project("{FAE04EC0-301F-11D3-BF4B-00C04F79EFBC}") = "ConferenceRoomBooking.LoadTesting", "ConferenceRoomBooking.LoadTesting\ConferenceRoomBooking.LoadTesting.csproj", "{059DAD72-A450-4A15-9C55-44C59D8BAD3B}"
EndProject
Global
	GlobalSection(SolutionConfigurationPlatforms) = preSolution
		Debug|Any CPU = Debug|Any CPU
		Debug|x64 = Debug|x64
		Debug|x86 = Debug|x86
		Release|Any CPU = Release|Any CPU
		Release|x64 = Release|x64
		Release|x86 = Release|x86
	EndGlobalSection
	GlobalSection(ProjectConfigurationPlatforms) = postSolution
		{00A36421-7740-47BE-ACA5-CA604D3C4960}.Debug|Any CPU.ActiveCfg = Debug|Any CPU
		{00A36421-7740-47BE-ACA5-CA604D3C4960}.Debug|Any CPU.Build.0 = Debug|Any CPU
		{00A36421-7740-47BE-ACA5-CA604D3C4960}.Debug|x64.ActiveCfg = Debug|Any CPU
		{00A36421-7740-47BE-ACA5-CA604D3C4960}.Debug|x64.Build.0 = Debug|Any CPU
		{00A36421-7740-47BE-ACA5-CA604D3C4960}.Debug|x86.ActiveCfg = Debug|Any CPU
		{00A36421-7740-47BE-ACA5-CA604D3C4960}.Debug|x86.Build.0 = Debug|Any CPU
		{00A36421-7740-47BE-ACA5-CA604D3C4960}.Release|Any CPU.ActiveCfg = Release|Any CPU
		{00A36421-7740-47BE-ACA5-CA604D3C4960}.Release|Any CPU.Build.0 = Release|Any CPU
		{00A36421-7740-47BE-ACA5-CA604D3C4960}.Release|x64.ActiveCfg = Release|Any CPU
		{00A36421-7740-47BE-ACA5-CA604D3C4960}.Release|x64.Build.0 = Release|Any CPU
		{00A36421-7740-47BE-ACA5-CA604D3C4960}.Release|x86.ActiveCfg = Release|Any CPU
		{00A36421-7740-47BE-ACA5-CA604D3C4960}.Release|x86.Build.0 = Release|Any CPU
		{81DDED9D-158B-E303-5F62-77A2896D2A5A}.Debug|Any CPU.ActiveCfg = Debug|Any CPU
		{81DDED9D-158B-E303-5F62-77A2896D2A5A}.Debug|Any CPU.Build.0 = Debug|Any CPU
		{81DDED9D-158B-E303-5F62-77A2896D2A5A}.Debug|x64.ActiveCfg = Debug|x64
		{81DDED9D-158B-E303-5F62-77A2896D2A5A}.Debug|x86.ActiveCfg = Debug|x86
		{81DDED9D-158B-E303-5F62-77A2896D2A5A}.Release|Any CPU.ActiveCfg = Release|Any CPU
		{81DDED9D-158B-E303-5F62-77A2896D2A5A}.Release|Any CPU.Build.0 = Release|Any CPU
		{81DDED9D-158B-E303-5F62-77A2896D2A5A}.Release|x64.ActiveCfg = Release|x64
		{81DDED9D-158B-E303-5F62-77A2896D2A5A}.Release|x86.ActiveCfg = Release|x86
		{D8938622-49F0-4FB3-AC9D-913B452B82D9}.Debug|Any CPU.ActiveCfg = Debug|Any CPU
		{D8938622-49F0-4FB3-AC9D-913B452B82D9}.Debug|Any CPU.Build.0 = Debug|Any CPU
		{D8938622-49F0-4FB3-AC9D-913B452B82D9}.Debug|x64.ActiveCfg = Debug|Any CPU
		{D8938622-49F0-4FB3-AC9D-913B452B82D9}.Debug|x64.Build.0 = Debug|Any CPU
		{D8938622-49F0-4FB3-AC9D-913B452B82D9}.Debug|x86.ActiveCfg = Debug|Any CPU
		{D8938622-49F0-4FB3-AC9D-913B452B82D9}.Debug|x86.Build.0 = Debug|Any CPU
		{D8938622-49F0-4FB3-AC9D-913B452B82D9}.Release|Any CPU.ActiveCfg = Release|Any CPU
		{D8938622-49F0-4FB3-AC9D-913B452B82D9}.Release|Any CPU.Build.0 = Release|Any CPU
		{D8938622-49F0-4FB3-AC9D-913B452B82D9}.Release|x64.ActiveCfg = Release|Any CPU
		{D8938622-49F0-4FB3-AC9D-913B452B82D9}.Release|x64.Build.0 = Release|Any CPU
		{D8938622-49F0-4FB3-AC9D-913B452B82D9}.Release|x86.ActiveCfg = Release|Any CPU
		{D8938622-49F0-4FB3-AC9D-913B452B82D9}.Release|x86.Build.0 = Release|Any CPU
		{F8B1A2D2-8854-4D82-8F21-DF73D13FD66B}.Debug|Any CPU.ActiveCfg = Debug|Any CPU
		{F8B1A2D2-8854-4D82-8F21-DF73D13FD66B}.Debug|Any CPU.Build.0 = Debug|Any CPU
		{F8B1A2D2-8854-4D82-8F21-DF73D13FD66B}.Debug|x64.ActiveCfg = Debug|Any CPU
		{F8B1A2D2-8854-4D82-8F21-DF73D13FD66B}.Debug|x64.Build.0 = Debug|Any CPU
		{F8B1A2D2-8854-4D82-8F21-DF73D13FD66B}.Debug|x86.ActiveCfg = Debug|Any CPU
		{F8B1A2D2-8854-4D82-8F21-DF73D13FD66B}.Debug|x86.Build.0 = Debug|Any CPU
		{F8B1A2D2-8854-4D82-8F21-DF73D13FD66B}.Release|Any CPU.ActiveCfg = Release|Any CPU
		{F8B1A2D2-8854-4D82-8F21-DF73D13FD66B}.Release|Any CPU.Build.0 = Release|Any CPU
		{F8B1A2D2-8854-4D82-8F21-DF73D13FD66B}.Release|x64.ActiveCfg = Release|Any CPU
		{F8B1A2D2-8854-4D82-8F21-DF73D13FD66B}.Release|x64.Build.0 = Release|Any CPU
		{F8B1A2D2-8854-4D82-8F21-DF73D13FD66B}.Release|x86.ActiveCfg = Release|Any CPU
		{F8B1A2D2-8854-4D82-8F21-DF73D13FD66B}.Release|x86.Build.0 = Release|Any CPU
		{4B2747D6-F28D-4DB5-BCFF-77EB2DC1E8DD}.Debug|Any CPU.ActiveCfg = Debug|Any CPU
		{4B2747D6-F28D-4DB5-BCFF-77EB2DC1E8DD}.Debug|Any CPU.Build.0 = Debug|Any CPU
		{4B2747D6-F28D-4DB5-BCFF-77EB2DC1E8DD}.Debug|x64.ActiveCfg = Debug|Any CPU
		{4B2747D6-F28D-4DB5-BCFF-77EB2DC1E8DD}.Debug|x64.Build.0 = Debug|Any CPU
		{4B2747D6-F28D-4DB5-BCFF-77EB2DC1E8DD}.Debug|x86.ActiveCfg = Debug|Any CPU
		{4B2747D6-F28D-4DB5-BCFF-77EB2DC1E8DD}.Debug|x86.Build.0 = Debug|Any CPU
		{4B2747D6-F28D-4DB5-BCFF-77EB2DC1E8DD}.Release|Any CPU.ActiveCfg = Release|Any CPU
		{4B2747D6-F28D-4DB5-BCFF-77EB2DC1E8DD}.Release|Any CPU.Build.0 = Release|Any CPU
		{4B2747D6-F28D-4DB5-BCFF-77EB2DC1E8DD}.Release|x64.ActiveCfg = Release|Any CPU
		{4B2747D6-F28D-4DB5-BCFF-77EB2DC1E8DD}.Release|x64.Build.0 = Release|Any CPU
		{4B2747D6-F28D-4DB5-BCFF-77EB2DC1E8DD}.Release|x86.ActiveCfg = Release|Any CPU
		{4B2747D6-F28D-4DB5-BCFF-77EB2DC1E8DD}.Release|x86.Build.0 = Release|Any CPU
		{059DAD72-A450-4A15-9C55-44C59D8BAD3B}.Debug|Any CPU.ActiveCfg = Debug|Any CPU
		{059DAD72-A450-4A15-9C55-44C59D8BAD3B}.Debug|Any CPU.Build.0 = Debug|Any CPU
		{059DAD72-A450-4A15-9C55-44C59D8BAD3B}.Debug|x64.ActiveCfg = Debug|Any CPU
		{059DAD72-A450-4A15-9C55-44C59D8BAD3B}.Debug|x64.Build.0 = Debug|Any CPU
		{059DAD72-A450-4A15-9C55-44C59D8BAD3B}.Debug|x86.ActiveCfg = Debug|Any CPU
		{059DAD72-A450-4A15-9C55-44C59D8BAD3B}.Debug|x86.Build.0 = Debug|Any CPU
		{059DAD72-A450-4A15-9C55-44C59D8BAD3B}.Release|Any CPU.ActiveCfg = Release|Any CPU
		{059DAD72-A450-4A15-9C55-44C59D8BAD3B}.Release|Any CPU.Build.0 = Release|Any CPU
		{059DAD72-A450-4A15-9C55-44C59D8BAD3B}.Release|x64.ActiveCfg = Release|Any CPU
		{059DAD72-A450-4A15-9C55-44C59D8BAD3B}.Release|x64.Build.0 = Release|Any CPU
		{059DAD72-A450-4A15-9C55-44C59D8BAD3B}.Release|x86.ActiveCfg = Release|Any CPU
		{059DAD72-A450-4A15-9C55-44C59D8BAD3B}.Release|x86.Build.0 = Release|Any CPU
	EndGlobalSection
	GlobalSection(SolutionProperties) = preSolution
		HideSolutionNode = FALSE
	EndGlobalSection
	GlobalSection(ExtensibilityGlobals) = postSolution
		SolutionGuid = {4C337A69-0289-4F14-B4BB-C6B9F2F41E0F}
	EndGlobalSection
EndGlobal
