
Microsoft Visual Studio Solution File, Format Version 12.00
# Visual Studio Version 18
VisualStudioVersion = 18.9.12120.119 stable
MinimumVisualStudioVersion = 10.0.40219.1
Project("{FAE04EC0-301F-11D3-BF4B-00C04F79EFBC}") = "ConferenceRoomBooking.Api", "ConferenceRoomBooking.Api\ConferenceRoomBooking.Api.csproj", "{00A36421-7740-47BE-ACA5-CA604D3C4960}"
EndProject
Project("{FAE04EC0-301F-11D3-BF4B-00C04F79EFBC}") = "ConferenceRoomBooking.Application", "ConferenceRoomBooking.Application\ConferenceRoomBooking.Application.csproj", "{023B9943-78D7-43D5-AF22-CD93A107CBB9}"
EndProject
Project("{FAE04EC0-301F-11D3-BF4B-00C04F79EFBC}") = "ConferenceRoomBooking.DataLayer", "ConferenceRoomBooking.DataLayer\ConferenceRoomBooking.DataLayer.csproj", "{87016A90-CA75-4066-A61E-49C01E7FDC1C}"
EndProject
Project("{2150E333-8FDC-42A3-9474-1A3956D46DE8}") = "Solution Items", "Solution Items", "{DFA96841-6E58-4B82-AE87-A62E78F18782}"
	ProjectSection(SolutionItems) = preProject
		compose.yaml = compose.yaml
	EndProjectSection
EndProject
Project("{E53339B2-1760-4266-BCC7-CA923CBCF16C}") = "docker-compose", "docker-compose.dcproj", "{81DDED9D-158B-E303-5F62-77A2896D2A5A}"
EndProject
Global
	GlobalSection(SolutionConfigurationPlatforms) = preSolution
		Debug|Any CPU = Debug|Any CPU
		Release|Any CPU = Release|Any CPU
	EndGlobalSection
	GlobalSection(ProjectConfigurationPlatforms) = postSolution
		{00A36421-7740-47BE-ACA5-CA604D3C4960}.Debug|Any CPU.ActiveCfg = Debug|Any CPU
		{00A36421-7740-47BE-ACA5-CA604D3C4960}.Debug|Any CPU.Build.0 = Debug|Any CPU
		{00A36421-7740-47BE-ACA5-CA604D3C4960}.Release|Any CPU.ActiveCfg = Release|Any CPU
		{00A36421-7740-47BE-ACA5-CA604D3C4960}.Release|Any CPU.Build.0 = Release|Any CPU
		{023B9943-78D7-43D5-AF22-CD93A107CBB9}.Debug|Any CPU.ActiveCfg = Debug|Any CPU
		{023B9943-78D7-43D5-AF22-CD93A107CBB9}.Debug|Any CPU.Build.0 = Debug|Any CPU
		{023B9943-78D7-43D5-AF22-CD93A107CBB9}.Release|Any CPU.ActiveCfg = Release|Any CPU
		{023B9943-78D7-43D5-AF22-CD93A107CBB9}.Release|Any CPU.Build.0 = Release|Any CPU
		{87016A90-CA75-4066-A61E-49C01E7FDC1C}.Debug|Any CPU.ActiveCfg = Debug|Any CPU
		{87016A90-CA75-4066-A61E-49C01E7FDC1C}.Debug|Any CPU.Build.0 = Debug|Any CPU
		{87016A90-CA75-4066-A61E-49C01E7FDC1C}.Release|Any CPU.ActiveCfg = Release|Any CPU
		{87016A90-CA75-4066-A61E-49C01E7FDC1C}.Release|Any CPU.Build.0 = Release|Any CPU
		{81DDED9D-158B-E303-5F62-77A2896D2A5A}.Debug|Any CPU.ActiveCfg = Debug|Any CPU
		{81DDED9D-158B-E303-5F62-77A2896D2A5A}.Debug|Any CPU.Build.0 = Debug|Any CPU
		{81DDED9D-158B-E303-5F62-77A2896D2A5A}.Release|Any CPU.ActiveCfg = Release|Any CPU
		{81DDED9D-158B-E303-5F62-77A2896D2A5A}.Release|Any CPU.Build.0 = Release|Any CPU
	EndGlobalSection
	GlobalSection(SolutionProperties) = preSolution
		HideSolutionNode = FALSE
	EndGlobalSection
	GlobalSection(ExtensibilityGlobals) = postSolution
		SolutionGuid = {4C337A69-0289-4F14-B4BB-C6B9F2F41E0F}
	EndGlobalSection
EndGlobal
